
Microsoft Visual Studio Solution File, Format Version 12.00
# Visual Studio Version 16
VisualStudioVersion = 16.0.29613.14
MinimumVisualStudioVersion = 10.0.40219.1
Project("{FAE04EC0-301F-11D3-BF4B-00C04F79EFBC}") = "PrimeiroProjeto", "PrimeiroProjeto\PrimeiroProjeto.csproj", "{F5C4EE85-3BF8-4E8A-99F5-C7E37E20B9F7}"
EndProject
Global
	GlobalSection(SolutionConfigurationPlatforms) = preSolution
		Debug|Any CPU = Debug|Any CPU
		Release|Any CPU = Release|Any CPU
	EndGlobalSection
	GlobalSection(ProjectConfigurationPlatforms) = postSolution
		{F5C4EE85-3BF8-4E8A-99F5-C7E37E20B9F7}.Debug|Any CPU.ActiveCfg = Debug|Any CPU
		{F5C4EE85-3BF8-4E8A-99F5-C7E37E20B9F7}.Debug|Any CPU.Build.0 = Debug|Any CPU
		{F5C4EE85-3BF8-4E8A-99F5-C7E37E20B9F7}.Release|Any CPU.ActiveCfg = Release|Any CPU
		{F5C4EE85-3BF8-4E8A-99F5-C7E37E20B9F7}.Release|Any CPU.Build.0 = Release|Any CPU
	EndGlobalSection
	GlobalSection(SolutionProperties) = preSolution
		HideSolutionNode = FALSE
	EndGlobalSection
	GlobalSection(ExtensibilityGlobals) = postSolution
		SolutionGuid = {31836A01-9B4C-4BFF-AB6D-8F78C6995636}
	EndGlobalSection
EndGlobal
